
Microsoft Visual Studio Solution File, Format Version 12.00
# Visual Studio Version 17
VisualStudioVersion = 17.5.33516.290
MinimumVisualStudioVersion = 10.0.40219.1
Project("{FAE04EC0-301F-11D3-BF4B-00C04F79EFBC}") = "Command Pattern Excel Homework", "Command Pattern Excel Homework\Command Pattern Excel Homework.csproj", "{75E90EC1-05A5-4AB0-A9F7-2534600B9F58}"
EndProject
Global
	GlobalSection(SolutionConfigurationPlatforms) = preSolution
		Debug|Any CPU = Debug|Any CPU
		Release|Any CPU = Release|Any CPU
	EndGlobalSection
	GlobalSection(ProjectConfigurationPlatforms) = postSolution
		{75E90EC1-05A5-4AB0-A9F7-2534600B9F58}.Debug|Any CPU.ActiveCfg = Debug|Any CPU
		{75E90EC1-05A5-4AB0-A9F7-2534600B9F58}.Debug|Any CPU.Build.0 = Debug|Any CPU
		{75E90EC1-05A5-4AB0-A9F7-2534600B9F58}.Release|Any CPU.ActiveCfg = Release|Any CPU
		{75E90EC1-05A5-4AB0-A9F7-2534600B9F58}.Release|Any CPU.Build.0 = Release|Any CPU
	EndGlobalSection
	GlobalSection(SolutionProperties) = preSolution
		HideSolutionNode = FALSE
	EndGlobalSection
	GlobalSection(ExtensibilityGlobals) = postSolution
		SolutionGuid = {B74B2B55-D7EB-422B-90F8-C90E1B02F6ED}
	EndGlobalSection
EndGlobal
